
Microsoft Visual Studio Solution File, Format Version 12.00
# Visual Studio 15
VisualStudioVersion = 15.0.28010.2003
MinimumVisualStudioVersion = 10.0.40219.1
Project("{FAE04EC0-301F-11D3-BF4B-00C04F79EFBC}") = "funcaotroca", "funcaotroca\funcaotroca.csproj", "{C724D924-11F6-4CD3-B178-2E43FB3C95F9}"
EndProject
Global
	GlobalSection(SolutionConfigurationPlatforms) = preSolution
		Debug|Any CPU = Debug|Any CPU
		Release|Any CPU = Release|Any CPU
	EndGlobalSection
	GlobalSection(ProjectConfigurationPlatforms) = postSolution
		{C724D924-11F6-4CD3-B178-2E43FB3C95F9}.Debug|Any CPU.ActiveCfg = Debug|Any CPU
		{C724D924-11F6-4CD3-B178-2E43FB3C95F9}.Debug|Any CPU.Build.0 = Debug|Any CPU
		{C724D924-11F6-4CD3-B178-2E43FB3C95F9}.Release|Any CPU.ActiveCfg = Release|Any CPU
		{C724D924-11F6-4CD3-B178-2E43FB3C95F9}.Release|Any CPU.Build.0 = Release|Any CPU
	EndGlobalSection
	GlobalSection(SolutionProperties) = preSolution
		HideSolutionNode = FALSE
	EndGlobalSection
	GlobalSection(ExtensibilityGlobals) = postSolution
		SolutionGuid = {944F8D42-2B7C-450F-93F3-98028D28AC84}
	EndGlobalSection
EndGlobal
